
Microsoft Visual Studio Solution File, Format Version 12.00
# Visual Studio Version 16
VisualStudioVersion = 16.0.31729.503
MinimumVisualStudioVersion = 10.0.40219.1
Project("{FAE04EC0-301F-11D3-BF4B-00C04F79EFBC}") = "CRUD_UserData", "CRUD_UserData\CRUD_UserData.csproj", "{C313FE73-BE49-4AF4-BE79-573A7C407796}"
EndProject
Global
	GlobalSection(SolutionConfigurationPlatforms) = preSolution
		Debug|Any CPU = Debug|Any CPU
		Release|Any CPU = Release|Any CPU
	EndGlobalSection
	GlobalSection(ProjectConfigurationPlatforms) = postSolution
		{C313FE73-BE49-4AF4-BE79-573A7C407796}.Debug|Any CPU.ActiveCfg = Debug|Any CPU
		{C313FE73-BE49-4AF4-BE79-573A7C407796}.Debug|Any CPU.Build.0 = Debug|Any CPU
		{C313FE73-BE49-4AF4-BE79-573A7C407796}.Release|Any CPU.ActiveCfg = Release|Any CPU
		{C313FE73-BE49-4AF4-BE79-573A7C407796}.Release|Any CPU.Build.0 = Release|Any CPU
	EndGlobalSection
	GlobalSection(SolutionProperties) = preSolution
		HideSolutionNode = FALSE
	EndGlobalSection
	GlobalSection(ExtensibilityGlobals) = postSolution
		SolutionGuid = {AB2DA761-12EF-494B-B65F-4A953B0B585D}
	EndGlobalSection
EndGlobal
